
Microsoft Visual Studio Solution File, Format Version 12.00
# Visual Studio Version 17
VisualStudioVersion = 17.8.34316.72
MinimumVisualStudioVersion = 10.0.40219.1
Project("{FAE04EC0-301F-11D3-BF4B-00C04F79EFBC}") = "LabActivities_5th_Sem", "LabActivities_5th_Sem\LabActivities_5th_Sem.csproj", "{9142F694-5979-41D0-9EDA-95F5AD2479C8}"
EndProject
Global
	GlobalSection(SolutionConfigurationPlatforms) = preSolution
		Debug|Any CPU = Debug|Any CPU
		Release|Any CPU = Release|Any CPU
	EndGlobalSection
	GlobalSection(ProjectConfigurationPlatforms) = postSolution
		{9142F694-5979-41D0-9EDA-95F5AD2479C8}.Debug|Any CPU.ActiveCfg = Debug|Any CPU
		{9142F694-5979-41D0-9EDA-95F5AD2479C8}.Debug|Any CPU.Build.0 = Debug|Any CPU
		{9142F694-5979-41D0-9EDA-95F5AD2479C8}.Release|Any CPU.ActiveCfg = Release|Any CPU
		{9142F694-5979-41D0-9EDA-95F5AD2479C8}.Release|Any CPU.Build.0 = Release|Any CPU
	EndGlobalSection
	GlobalSection(SolutionProperties) = preSolution
		HideSolutionNode = FALSE
	EndGlobalSection
	GlobalSection(ExtensibilityGlobals) = postSolution
		SolutionGuid = {31140CE0-E851-4F37-952D-CCD982D6DE46}
	EndGlobalSection
EndGlobal
